
Microsoft Visual Studio Solution File, Format Version 11.00
# Visual Studio 2010
Project("{FAE04EC0-301F-11D3-BF4B-00C04F79EFBC}") = "Linq2Sql", "Linq2Sql.csproj", "{265F3A9C-36BA-40FE-9757-30BCF783A483}"
EndProject
Global
	GlobalSection(SolutionConfigurationPlatforms) = preSolution
		Debug|Any CPU = Debug|Any CPU
		Release|Any CPU = Release|Any CPU
	EndGlobalSection
	GlobalSection(ProjectConfigurationPlatforms) = postSolution
		{265F3A9C-36BA-40FE-9757-30BCF783A483}.Debug|Any CPU.ActiveCfg = Debug|Any CPU
		{265F3A9C-36BA-40FE-9757-30BCF783A483}.Debug|Any CPU.Build.0 = Debug|Any CPU
		{265F3A9C-36BA-40FE-9757-30BCF783A483}.Release|Any CPU.ActiveCfg = Release|Any CPU
		{265F3A9C-36BA-40FE-9757-30BCF783A483}.Release|Any CPU.Build.0 = Release|Any CPU
	EndGlobalSection
	GlobalSection(SolutionProperties) = preSolution
		HideSolutionNode = FALSE
	EndGlobalSection
EndGlobal
